
Microsoft Visual Studio Solution File, Format Version 12.00
# Visual Studio 15
VisualStudioVersion = 15.0.28307.168
MinimumVisualStudioVersion = 10.0.40219.1
Project("{8BC9CEB8-8B4A-11D0-8D11-00A0C91BC942}") = "SFML", "SFML\SFML.vcxproj", "{E8E679F2-1B8D-4AC0-8190-6B47BDC3B118}"
EndProject
Global
	GlobalSection(SolutionConfigurationPlatforms) = preSolution
		Debug|x64 = Debug|x64
		Debug|x86 = Debug|x86
		Release|x64 = Release|x64
		Release|x86 = Release|x86
	EndGlobalSection
	GlobalSection(ProjectConfigurationPlatforms) = postSolution
		{E8E679F2-1B8D-4AC0-8190-6B47BDC3B118}.Debug|x64.ActiveCfg = Debug|x64
		{E8E679F2-1B8D-4AC0-8190-6B47BDC3B118}.Debug|x64.Build.0 = Debug|x64
		{E8E679F2-1B8D-4AC0-8190-6B47BDC3B118}.Debug|x86.ActiveCfg = Debug|Win32
		{E8E679F2-1B8D-4AC0-8190-6B47BDC3B118}.Debug|x86.Build.0 = Debug|Win32
		{E8E679F2-1B8D-4AC0-8190-6B47BDC3B118}.Release|x64.ActiveCfg = Release|x64
		{E8E679F2-1B8D-4AC0-8190-6B47BDC3B118}.Release|x64.Build.0 = Release|x64
		{E8E679F2-1B8D-4AC0-8190-6B47BDC3B118}.Release|x86.ActiveCfg = Release|Win32
		{E8E679F2-1B8D-4AC0-8190-6B47BDC3B118}.Release|x86.Build.0 = Release|Win32
	EndGlobalSection
	GlobalSection(SolutionProperties) = preSolution
		HideSolutionNode = FALSE
	EndGlobalSection
	GlobalSection(ExtensibilityGlobals) = postSolution
		SolutionGuid = {6E37492A-C6FF-4830-8D95-B996C4466C15}
	EndGlobalSection
EndGlobal
